// !$*UTF8*$!
{
	archiveVersion = 1;
	classes = {
	};
	objectVersion = 46;
	objects = {

/* Begin PBXBuildFile section */
		561CDEFE1D7571E8004D1E76 /* AppDelegate.swift in Sources */ = {isa = PBXBuildFile; fileRef = 561CDEFD1D7571E8004D1E76 /* AppDelegate.swift */; };
		561CDF001D7571E8004D1E76 /* ViewController.swift in Sources */ = {isa = PBXBuildFile; fileRef = 561CDEFF1D7571E8004D1E76 /* ViewController.swift */; };
		561CDF031D7571E9004D1E76 /* Main.storyboard in Resources */ = {isa = PBXBuildFile; fileRef = 561CDF011D7571E9004D1E76 /* Main.storyboard */; };
		561CDF051D7571E9004D1E76 /* Assets.xcassets in Resources */ = {isa = PBXBuildFile; fileRef = 561CDF041D7571E9004D1E76 /* Assets.xcassets */; };
		561CDF081D7571E9004D1E76 /* LaunchScreen.storyboard in Resources */ = {isa = PBXBuildFile; fileRef = 561CDF061D7571E9004D1E76 /* LaunchScreen.storyboard */; };
		561CDF131D7571E9004D1E76 /* MapLocationTests.swift in Sources */ = {isa = PBXBuildFile; fileRef = 561CDF121D7571E9004D1E76 /* MapLocationTests.swift */; };
		561CDF1E1D7571E9004D1E76 /* MapLocationUITests.swift in Sources */ = {isa = PBXBuildFile; fileRef = 561CDF1D1D7571E9004D1E76 /* MapLocationUITests.swift */; };
		561CDF2C1D757253004D1E76 /* MapKit.framework in Frameworks */ = {isa = PBXBuildFile; fileRef = 561CDF2B1D757253004D1E76 /* MapKit.framework */; };
/* End PBXBuildFile section */

/* Begin PBXContainerItemProxy section */
		561CDF0F1D7571E9004D1E76 /* PBXContainerItemProxy */ = {
			isa = PBXContainerItemProxy;
			containerPortal = 561CDEF21D7571E8004D1E76 /* Project object */;
			proxyType = 1;
			remoteGlobalIDString = 561CDEF91D7571E8004D1E76;
			remoteInfo = MapLocation;
		};
		561CDF1A1D7571E9004D1E76 /* PBXContainerItemProxy */ = {
			isa = PBXContainerItemProxy;
			containerPortal = 561CDEF21D7571E8004D1E76 /* Project object */;
			proxyType = 1;
			remoteGlobalIDString = 561CDEF91D7571E8004D1E76;
			remoteInfo = MapLocation;
		};
/* End PBXContainerItemProxy section */

/* Begin PBXFileReference section */
		561CDEFA1D7571E8004D1E76 /* MapLocation.app */ = {isa = PBXFileReference; explicitFileType = wrapper.application; includeInIndex = 0; path = MapLocation.app; sourceTree = BUILT_PRODUCTS_DIR; };
		561CDEFD1D7571E8004D1E76 /* AppDelegate.swift */ = {isa = PBXFileReference; lastKnownFileType = sourcecode.swift; path = AppDelegate.swift; sourceTree = "<group>"; };
		561CDEFF1D7571E8004D1E76 /* ViewController.swift */ = {isa = PBXFileReference; lastKnownFileType = sourcecode.swift; path = ViewController.swift; sourceTree = "<group>"; };
		561CDF021D7571E9004D1E76 /* Base */ = {isa = PBXFileReference; lastKnownFileType = file.storyboard; name = Base; path = Base.lproj/Main.storyboard; sourceTree = "<group>"; };
		561CDF041D7571E9004D1E76 /* Assets.xcassets */ = {isa = PBXFileReference; lastKnownFileType = folder.assetcatalog; path = Assets.xcassets; sourceTree = "<group>"; };
		561CDF071D7571E9004D1E76 /* Base */ = {isa = PBXFileReference; lastKnownFileType = file.storyboard; name = Base; path = Base.lproj/LaunchScreen.storyboard; sourceTree = "<group>"; };
		561CDF091D7571E9004D1E76 /* Info.plist */ = {isa = PBXFileReference; lastKnownFileType = text.plist.xml; path = Info.plist; sourceTree = "<group>"; };
		561CDF0E1D7571E9004D1E76 /* MapLocationTests.xctest */ = {isa = PBXFileReference; explicitFileType = wrapper.cfbundle; includeInIndex = 0; path = MapLocationTests.xctest; sourceTree = BUILT_PRODUCTS_DIR; };
		561CDF121D7571E9004D1E76 /* MapLocationTests.swift */ = {isa = PBXFileReference; lastKnownFileType = sourcecode.swift; path = MapLocationTests.swift; sourceTree = "<group>"; };
		561CDF141D7571E9004D1E76 /* Info.plist */ = {isa = PBXFileReference; lastKnownFileType = text.plist.xml; path = Info.plist; sourceTree = "<group>"; };
		561CDF191D7571E9004D1E76 /* MapLocationUITests.xctest */ = {isa = PBXFileReference; explicitFileType = wrapper.cfbundle; includeInIndex = 0; path = MapLocationUITests.xctest; sourceTree = BUILT_PRODUCTS_DIR; };
		561CDF1D1D7571E9004D1E76 /* MapLocationUITests.swift */ = {isa = PBXFileReference; lastKnownFileType = sourcecode.swift; path = MapLocationUITests.swift; sourceTree = "<group>"; };
		561CDF1F1D7571E9004D1E76 /* Info.plist */ = {isa = PBXFileReference; lastKnownFileType = text.plist.xml; path = Info.plist; sourceTree = "<group>"; };
		561CDF2B1D757253004D1E76 /* MapKit.framework */ = {isa = PBXFileReference; lastKnownFileType = wrapper.framework; name = MapKit.framework; path = System/Library/Frameworks/MapKit.framework; sourceTree = SDKROOT; };
/* End PBXFileReference section */

/* Begin PBXFrameworksBuildPhase section */
		561CDEF71D7571E8004D1E76 /* Frameworks */ = {
			isa = PBXFrameworksBuildPhase;
			buildActionMask = 2147483647;
			files = (
				561CDF2C1D757253004D1E76 /* MapKit.framework in Frameworks */,
			);
			runOnlyForDeploymentPostprocessing = 0;
		};
		561CDF0B1D7571E9004D1E76 /* Frameworks */ = {
			isa = PBXFrameworksBuildPhase;
			buildActionMask = 2147483647;
			files = (
			);
			runOnlyForDeploymentPostprocessing = 0;
		};
		561CDF161D7571E9004D1E76 /* Frameworks */ = {
			isa = PBXFrameworksBuildPhase;
			buildActionMask = 2147483647;
			files = (
			);
			runOnlyForDeploymentPostprocessing = 0;
		};
/* End PBXFrameworksBuildPhase section */

/* Begin PBXGroup section */
		561CDEF11D7571E8004D1E76 = {
			isa = PBXGroup;
			children = (
				561CDF2B1D757253004D1E76 /* MapKit.framework */,
				561CDEFC1D7571E8004D1E76 /* MapLocation */,
				561CDF111D7571E9004D1E76 /* MapLocationTests */,
				561CDF1C1D7571E9004D1E76 /* MapLocationUITests */,
				561CDEFB1D7571E8004D1E76 /* Products */,
			);
			sourceTree = "<group>";
		};
		561CDEFB1D7571E8004D1E76 /* Products */ = {
			isa = PBXGroup;
			children = (
				561CDEFA1D7571E8004D1E76 /* MapLocation.app */,
				561CDF0E1D7571E9004D1E76 /* MapLocationTests.xctest */,
				561CDF191D7571E9004D1E76 /* MapLocationUITests.xctest */,
			);
			name = Products;
			sourceTree = "<group>";
		};
		561CDEFC1D7571E8004D1E76 /* MapLocation */ = {
			isa = PBXGroup;
			children = (
				561CDEFD1D7571E8004D1E76 /* AppDelegate.swift */,
				561CDEFF1D7571E8004D1E76 /* ViewController.swift */,
				561CDF011D7571E9004D1E76 /* Main.storyboard */,
				561CDF041D7571E9004D1E76 /* Assets.xcassets */,
				561CDF061D7571E9004D1E76 /* LaunchScreen.storyboard */,
				561CDF091D7571E9004D1E76 /* Info.plist */,
			);
			path = MapLocation;
			sourceTree = "<group>";
		};
		561CDF111D7571E9004D1E76 /* MapLocationTests */ = {
			isa = PBXGroup;
			children = (
				561CDF121D7571E9004D1E76 /* MapLocationTests.swift */,
				561CDF141D7571E9004D1E76 /* Info.plist */,
			);
			path = MapLocationTests;
			sourceTree = "<group>";
		};
		561CDF1C1D7571E9004D1E76 /* MapLocationUITests */ = {
			isa = PBXGroup;
			children = (
				561CDF1D1D7571E9004D1E76 /* MapLocationUITests.swift */,
				561CDF1F1D7571E9004D1E76 /* Info.plist */,
			);
			path = MapLocationUITests;
			sourceTree = "<group>";
		};
/* End PBXGroup section */

/* Begin PBXNativeTarget section */
		561CDEF91D7571E8004D1E76 /* MapLocation */ = {
			isa = PBXNativeTarget;
			buildConfigurationList = 561CDF221D7571E9004D1E76 /* Build configuration list for PBXNativeTarget "MapLocation" */;
			buildPhases = (
				561CDEF61D7571E8004D1E76 /* Sources */,
				561CDEF71D7571E8004D1E76 /* Frameworks */,
				561CDEF81D7571E8004D1E76 /* Resources */,
			);
			buildRules = (
			);
			dependencies = (
			);
			name = MapLocation;
			productName = MapLocation;
			productReference = 561CDEFA1D7571E8004D1E76 /* MapLocation.app */;
			productType = "com.apple.product-type.application";
		};
		561CDF0D1D7571E9004D1E76 /* MapLocationTests */ = {
			isa = PBXNativeTarget;
			buildConfigurationList = 561CDF251D7571E9004D1E76 /* Build configuration list for PBXNativeTarget "MapLocationTests" */;
			buildPhases = (
				561CDF0A1D7571E9004D1E76 /* Sources */,
				561CDF0B1D7571E9004D1E76 /* Frameworks */,
				561CDF0C1D7571E9004D1E76 /* Resources */,
			);
			buildRules = (
			);
			dependencies = (
				561CDF101D7571E9004D1E76 /* PBXTargetDependency */,
			);
			name = MapLocationTests;
			productName = MapLocationTests;
			productReference = 561CDF0E1D7571E9004D1E76 /* MapLocationTests.xctest */;
			productType = "com.apple.product-type.bundle.unit-test";
		};
		561CDF181D7571E9004D1E76 /* MapLocationUITests */ = {
			isa = PBXNativeTarget;
			buildConfigurationList = 561CDF281D7571E9004D1E76 /* Build configuration list for PBXNativeTarget "MapLocationUITests" */;
			buildPhases = (
				561CDF151D7571E9004D1E76 /* Sources */,
				561CDF161D7571E9004D1E76 /* Frameworks */,
				561CDF171D7571E9004D1E76 /* Resources */,
			);
			buildRules = (
			);
			dependencies = (
				561CDF1B1D7571E9004D1E76 /* PBXTargetDependency */,
			);
			name = MapLocationUITests;
			productName = MapLocationUITests;
			productReference = 561CDF191D7571E9004D1E76 /* MapLocationUITests.xctest */;
			productType = "com.apple.product-type.bundle.ui-testing";
		};
/* End PBXNativeTarget section */

/* Begin PBXProject section */
		561CDEF21D7571E8004D1E76 /* Project object */ = {
			isa = PBXProject;
			attributes = {
				LastSwiftUpdateCheck = 0730;
				LastUpgradeCheck = 0730;
				ORGANIZATIONNAME = apple;
				TargetAttributes = {
					561CDEF91D7571E8004D1E76 = {
						CreatedOnToolsVersion = 7.3.1;
						SystemCapabilities = {
							com.apple.Maps.iOS = {
								enabled = 0;
							};
						};
					};
					561CDF0D1D7571E9004D1E76 = {
						CreatedOnToolsVersion = 7.3.1;
						TestTargetID = 561CDEF91D7571E8004D1E76;
					};
					561CDF181D7571E9004D1E76 = {
						CreatedOnToolsVersion = 7.3.1;
						TestTargetID = 561CDEF91D7571E8004D1E76;
					};
				};
			};
			buildConfigurationList = 561CDEF51D7571E8004D1E76 /* Build configuration list for PBXProject "MapLocation" */;
			compatibilityVersion = "Xcode 3.2";
			developmentRegion = English;
			hasScannedForEncodings = 0;
			knownRegions = (
				en,
				Base,
			);
			mainGroup = 561CDEF11D7571E8004D1E76;
			productRefGroup = 561CDEFB1D7571E8004D1E76 /* Products */;
			projectDirPath = "";
			projectRoot = "";
			targets = (
				561CDEF91D7571E8004D1E76 /* MapLocation */,
				561CDF0D1D7571E9004D1E76 /* MapLocationTests */,
				561CDF181D7571E9004D1E76 /* MapLocationUITests */,
			);
		};
/* End PBXProject section */

/* Begin PBXResourcesBuildPhase section */
		561CDEF81D7571E8004D1E76 /* Resources */ = {
			isa = PBXResourcesBuildPhase;
			buildActionMask = 2147483647;
			files = (
				561CDF081D7571E9004D1E76 /* LaunchScreen.storyboard in Resources */,
				561CDF051D7571E9004D1E76 /* Assets.xcassets in Resources */,
				561CDF031D7571E9004D1E76 /* Main.storyboard in Resources */,
			);
			runOnlyForDeploymentPostprocessing = 0;
		};
		561CDF0C1D7571E9004D1E76 /* Resources */ = {
			isa = PBXResourcesBuildPhase;
			buildActionMask = 2147483647;
			files = (
			);
			runOnlyForDeploymentPostprocessing = 0;
		};
		561CDF171D7571E9004D1E76 /* Resources */ = {
			isa = PBXResourcesBuildPhase;
			buildActionMask = 2147483647;
			files = (
			);
			runOnlyForDeploymentPostprocessing = 0;
		};
/* End PBXResourcesBuildPhase section */

/* Begin PBXSourcesBuildPhase section */
		561CDEF61D7571E8004D1E76 /* Sources */ = {
			isa = PBXSourcesBuildPhase;
			buildActionMask = 2147483647;
			files = (
				561CDF001D7571E8004D1E76 /* ViewController.swift in Sources */,
				561CDEFE1D7571E8004D1E76 /* AppDelegate.swift in Sources */,
			);
			runOnlyForDeploymentPostprocessing = 0;
		};
		561CDF0A1D7571E9004D1E76 /* Sources */ = {
			isa = PBXSourcesBuildPhase;
			buildActionMask = 2147483647;
			files = (
				561CDF131D7571E9004D1E76 /* MapLocationTests.swift in Sources */,
			);
			runOnlyForDeploymentPostprocessing = 0;
		};
		561CDF151D7571E9004D1E76 /* Sources */ = {
			isa = PBXSourcesBuildPhase;
			buildActionMask = 2147483647;
			files = (
				561CDF1E1D7571E9004D1E76 /* MapLocationUITests.swift in Sources */,
			);
			runOnlyForDeploymentPostprocessing = 0;
		};
/* End PBXSourcesBuildPhase section */

/* Begin PBXTargetDependency section */
		561CDF101D7571E9004D1E76 /* PBXTargetDependency */ = {
			isa = PBXTargetDependency;
			target = 561CDEF91D7571E8004D1E76 /* MapLocation */;
			targetProxy = 561CDF0F1D7571E9004D1E76 /* PBXContainerItemProxy */;
		};
		561CDF1B1D7571E9004D1E76 /* PBXTargetDependency */ = {
			isa = PBXTargetDependency;
			target = 561CDEF91D7571E8004D1E76 /* MapLocation */;
			targetProxy = 561CDF1A1D7571E9004D1E76 /* PBXContainerItemProxy */;
		};
/* End PBXTargetDependency section */

/* Begin PBXVariantGroup section */
		561CDF011D7571E9004D1E76 /* Main.storyboard */ = {
			isa = PBXVariantGroup;
			children = (
				561CDF021D7571E9004D1E76 /* Base */,
			);
			name = Main.storyboard;
			sourceTree = "<group>";
		};
		561CDF061D7571E9004D1E76 /* LaunchScreen.storyboard */ = {
			isa = PBXVariantGroup;
			children = (
				561CDF071D7571E9004D1E76 /* Base */,
			);
			name = LaunchScreen.storyboard;
			sourceTree = "<group>";
		};
/* End PBXVariantGroup section */

/* Begin XCBuildConfiguration section */
		561CDF201D7571E9004D1E76 /* Debug */ = {
			isa = XCBuildConfiguration;
			buildSettings = {
				ALWAYS_SEARCH_USER_PATHS = NO;
				CLANG_ANALYZER_NONNULL = YES;
				CLANG_CXX_LANGUAGE_STANDARD = "gnu++0x";
				CLANG_CXX_LIBRARY = "libc++";
				CLANG_ENABLE_MODULES = YES;
				CLANG_ENABLE_OBJC_ARC = YES;
				CLANG_WARN_BOOL_CONVERSION = YES;
				CLANG_WARN_CONSTANT_CONVERSION = YES;
				CLANG_WARN_DIRECT_OBJC_ISA_USAGE = YES_ERROR;
				CLANG_WARN_EMPTY_BODY = YES;
				CLANG_WARN_ENUM_CONVERSION = YES;
				CLANG_WARN_INT_CONVERSION = YES;
				CLANG_WARN_OBJC_ROOT_CLASS = YES_ERROR;
				CLANG_WARN_UNREACHABLE_CODE = YES;
				CLANG_WARN__DUPLICATE_METHOD_MATCH = YES;
				"CODE_SIGN_IDENTITY[sdk=iphoneos*]" = "iPhone Developer";
				COPY_PHASE_STRIP = NO;
				DEBUG_INFORMATION_FORMAT = dwarf;
				ENABLE_STRICT_OBJC_MSGSEND = YES;
				ENABLE_TESTABILITY = YES;
				GCC_C_LANGUAGE_STANDARD = gnu99;
				GCC_DYNAMIC_NO_PIC = NO;
				GCC_NO_COMMON_BLOCKS = YES;
				GCC_OPTIMIZATION_LEVEL = 0;
				GCC_PREPROCESSOR_DEFINITIONS = (
					"DEBUG=1",
					"$(inherited)",
				);
				GCC_WARN_64_TO_32_BIT_CONVERSION = YES;
				GCC_WARN_ABOUT_RETURN_TYPE = YES_ERROR;
				GCC_WARN_UNDECLARED_SELECTOR = YES;
				GCC_WARN_UNINITIALIZED_AUTOS = YES_AGGRESSIVE;
				GCC_WARN_UNUSED_FUNCTION = YES;
				GCC_WARN_UNUSED_VARIABLE = YES;
				IPHONEOS_DEPLOYMENT_TARGET = 9.3;
				MTL_ENABLE_DEBUG_INFO = YES;
				ONLY_ACTIVE_ARCH = YES;
				SDKROOT = iphoneos;
				SWIFT_OPTIMIZATION_LEVEL = "-Onone";
			};
			name = Debug;
		};
		561CDF211D7571E9004D1E76 /* Release */ = {
			isa = XCBuildConfiguration;
			buildSettings = {
				ALWAYS_SEARCH_USER_PATHS = NO;
				CLANG_ANALYZER_NONNULL = YES;
				CLANG_CXX_LANGUAGE_STANDARD = "gnu++0x";
				CLANG_CXX_LIBRARY = "libc++";
				CLANG_ENABLE_MODULES = YES;
				CLANG_ENABLE_OBJC_ARC = YES;
				CLANG_WARN_BOOL_CONVERSION = YES;
				CLANG_WARN_CONSTANT_CONVERSION = YES;
				CLANG_WARN_DIRECT_OBJC_ISA_USAGE = YES_ERROR;
				CLANG_WARN_EMPTY_BODY = YES;
				CLANG_WARN_ENUM_CONVERSION = YES;
				CLANG_WARN_INT_CONVERSION = YES;
				CLANG_WARN_OBJC_ROOT_CLASS = YES_ERROR;
				CLANG_WARN_UNREACHABLE_CODE = YES;
				CLANG_WARN__DUPLICATE_METHOD_MATCH = YES;
				"CODE_SIGN_IDENTITY[sdk=iphoneos*]" = "iPhone Developer";
				COPY_PHASE_STRIP = NO;
				DEBUG_INFORMATION_FORMAT = "dwarf-with-dsym";
				ENABLE_NS_ASSERTIONS = NO;
				ENABLE_STRICT_OBJC_MSGSEND = YES;
				GCC_C_LANGUAGE_STANDARD = gnu99;
				GCC_NO_COMMON_BLOCKS = YES;
				GCC_WARN_64_TO_32_BIT_CONVERSION = YES;
				GCC_WARN_ABOUT_RETURN_TYPE = YES_ERROR;
				GCC_WARN_UNDECLARED_SELECTOR = YES;
				GCC_WARN_UNINITIALIZED_AUTOS = YES_AGGRESSIVE;
				GCC_WARN_UNUSED_FUNCTION = YES;
				GCC_WARN_UNUSED_VARIABLE = YES;
				IPHONEOS_DEPLOYMENT_TARGET = 9.3;
				MTL_ENABLE_DEBUG_INFO = NO;
				SDKROOT = iphoneos;
				VALIDATE_PRODUCT = YES;
			};
			name = Release;
		};
		561CDF231D7571E9004D1E76 /* Debug */ = {
			isa = XCBuildConfiguration;
			buildSettings = {
				ASSETCATALOG_COMPILER_APPICON_NAME = AppIcon;
				INFOPLIST_FILE = MapLocation/Info.plist;
				LD_RUNPATH_SEARCH_PATHS = "$(inherited) @executable_path/Frameworks";
				PRODUCT_BUNDLE_IDENTIFIER = com.glory.MapLocation;
				PRODUCT_NAME = "$(TARGET_NAME)";
			};
			name = Debug;
		};
		561CDF241D7571E9004D1E76 /* Release */ = {
			isa = XCBuildConfiguration;
			buildSettings = {
				ASSETCATALOG_COMPILER_APPICON_NAME = AppIcon;
				INFOPLIST_FILE = MapLocation/Info.plist;
				LD_RUNPATH_SEARCH_PATHS = "$(inherited) @executable_path/Frameworks";
				PRODUCT_BUNDLE_IDENTIFIER = com.glory.MapLocation;
				PRODUCT_NAME = "$(TARGET_NAME)";
			};
			name = Release;
		};
		561CDF261D7571E9004D1E76 /* Debug */ = {
			isa = XCBuildConfiguration;
			buildSettings = {
				BUNDLE_LOADER = "$(TEST_HOST)";
				INFOPLIST_FILE = MapLocationTests/Info.plist;
				LD_RUNPATH_SEARCH_PATHS = "$(inherited) @executable_path/Frameworks @loader_path/Frameworks";
				PRODUCT_BUNDLE_IDENTIFIER = com.glory.MapLocationTests;
				PRODUCT_NAME = "$(TARGET_NAME)";
				TEST_HOST = "$(BUILT_PRODUCTS_DIR)/MapLocation.app/MapLocation";
			};
			name = Debug;
		};
		561CDF271D7571E9004D1E76 /* Release */ = {
			isa = XCBuildConfiguration;
			buildSettings = {
				BUNDLE_LOADER = "$(TEST_HOST)";
				INFOPLIST_FILE = MapLocationTests/Info.plist;
				LD_RUNPATH_SEARCH_PATHS = "$(inherited) @executable_path/Frameworks @loader_path/Frameworks";
				PRODUCT_BUNDLE_IDENTIFIER = com.glory.MapLocationTests;
				PRODUCT_NAME = "$(TARGET_NAME)";
				TEST_HOST = "$(BUILT_PRODUCTS_DIR)/MapLocation.app/MapLocation";
			};
			name = Release;
		};
		561CDF291D7571E9004D1E76 /* Debug */ = {
			isa = XCBuildConfiguration;
			buildSettings = {
				INFOPLIST_FILE = MapLocationUITests/Info.plist;
				LD_RUNPATH_SEARCH_PATHS = "$(inherited) @executable_path/Frameworks @loader_path/Frameworks";
				PRODUCT_BUNDLE_IDENTIFIER = com.glory.MapLocationUITests;
				PRODUCT_NAME = "$(TARGET_NAME)";
				TEST_TARGET_NAME = MapLocation;
			};
			name = Debug;
		};
		561CDF2A1D7571E9004D1E76 /* Release */ = {
			isa = XCBuildConfiguration;
			buildSettings = {
				INFOPLIST_FILE = MapLocationUITests/Info.plist;
				LD_RUNPATH_SEARCH_PATHS = "$(inherited) @executable_path/Frameworks @loader_path/Frameworks";
				PRODUCT_BUNDLE_IDENTIFIER = com.glory.MapLocationUITests;
				PRODUCT_NAME = "$(TARGET_NAME)";
				TEST_TARGET_NAME = MapLocation;
			};
			name = Release;
		};
/* End XCBuildConfiguration section */

/* Begin XCConfigurationList section */
		561CDEF51D7571E8004D1E76 /* Build configuration list for PBXProject "MapLocation" */ = {
			isa = XCConfigurationList;
			buildConfigurations = (
				561CDF201D7571E9004D1E76 /* Debug */,
				561CDF211D7571E9004D1E76 /* Release */,
			);
			defaultConfigurationIsVisible = 0;
			defaultConfigurationName = Release;
		};
		561CDF221D7571E9004D1E76 /* Build configuration list for PBXNativeTarget "MapLocation" */ = {
			isa = XCConfigurationList;
			buildConfigurations = (
				561CDF231D7571E9004D1E76 /* Debug */,
				561CDF241D7571E9004D1E76 /* Release */,
			);
			defaultConfigurationIsVisible = 0;
		};
		561CDF251D7571E9004D1E76 /* Build configuration list for PBXNativeTarget "MapLocationTests" */ = {
			isa = XCConfigurationList;
			buildConfigurations = (
				561CDF261D7571E9004D1E76 /* Debug */,
				561CDF271D7571E9004D1E76 /* Release */,
			);
			defaultConfigurationIsVisible = 0;
		};
		561CDF281D7571E9004D1E76 /* Build configuration list for PBXNativeTarget "MapLocationUITests" */ = {
			isa = XCConfigurationList;
			buildConfigurations = (
				561CDF291D7571E9004D1E76 /* Debug */,
				561CDF2A1D7571E9004D1E76 /* Release */,
			);
			defaultConfigurationIsVisible = 0;
		};
/* End XCConfigurationList section */
	};
	rootObject = 561CDEF21D7571E8004D1E76 /* Project object */;
}
